
Microsoft Visual Studio Solution File, Format Version 12.00
# Visual Studio Version 16
VisualStudioVersion = 16.0.31729.503
MinimumVisualStudioVersion = 10.0.40219.1
Project("{8BC9CEB8-8B4A-11D0-8D11-00A0C91BC942}") = "Project6", "Project6\Project6.vcxproj", "{AFD9F005-E2DE-47FF-B2C3-C3982ECA9CFE}"
EndProject
Global
	GlobalSection(SolutionConfigurationPlatforms) = preSolution
		Debug|x64 = Debug|x64
		Debug|x86 = Debug|x86
		Release|x64 = Release|x64
		Release|x86 = Release|x86
	EndGlobalSection
	GlobalSection(ProjectConfigurationPlatforms) = postSolution
		{AFD9F005-E2DE-47FF-B2C3-C3982ECA9CFE}.Debug|x64.ActiveCfg = Debug|x64
		{AFD9F005-E2DE-47FF-B2C3-C3982ECA9CFE}.Debug|x64.Build.0 = Debug|x64
		{AFD9F005-E2DE-47FF-B2C3-C3982ECA9CFE}.Debug|x86.ActiveCfg = Debug|Win32
		{AFD9F005-E2DE-47FF-B2C3-C3982ECA9CFE}.Debug|x86.Build.0 = Debug|Win32
		{AFD9F005-E2DE-47FF-B2C3-C3982ECA9CFE}.Release|x64.ActiveCfg = Release|x64
		{AFD9F005-E2DE-47FF-B2C3-C3982ECA9CFE}.Release|x64.Build.0 = Release|x64
		{AFD9F005-E2DE-47FF-B2C3-C3982ECA9CFE}.Release|x86.ActiveCfg = Release|Win32
		{AFD9F005-E2DE-47FF-B2C3-C3982ECA9CFE}.Release|x86.Build.0 = Release|Win32
	EndGlobalSection
	GlobalSection(SolutionProperties) = preSolution
		HideSolutionNode = FALSE
	EndGlobalSection
	GlobalSection(ExtensibilityGlobals) = postSolution
		SolutionGuid = {FC19EE4B-D82B-4309-8AD3-A81CAF89961B}
	EndGlobalSection
EndGlobal
